
Microsoft Visual Studio Solution File, Format Version 12.00
# Visual Studio Version 17
VisualStudioVersion = 17.0.31903.59
MinimumVisualStudioVersion = 10.0.40219.1
Project("{2150E333-8FDC-42A3-9474-1A3956D46DE8}") = "Presentation", "Presentation", "{06CFFD70-14AA-A959-A3BA-1B15D094E3B1}"
EndProject
Project("{FAE04EC0-301F-11D3-BF4B-00C04F79EFBC}") = "ArturRios.IdentityManager.WebApi", "Presentation\ArturRios.IdentityManager.WebApi\ArturRios.IdentityManager.WebApi.csproj", "{FA4A003A-6E07-4DE7-9AE9-62FDAAE5C892}"
EndProject
Global
	GlobalSection(SolutionConfigurationPlatforms) = preSolution
		Debug|Any CPU = Debug|Any CPU
		Debug|x64 = Debug|x64
		Debug|x86 = Debug|x86
		Release|Any CPU = Release|Any CPU
		Release|x64 = Release|x64
		Release|x86 = Release|x86
	EndGlobalSection
	GlobalSection(ProjectConfigurationPlatforms) = postSolution
		{FA4A003A-6E07-4DE7-9AE9-62FDAAE5C892}.Debug|Any CPU.ActiveCfg = Debug|Any CPU
		{FA4A003A-6E07-4DE7-9AE9-62FDAAE5C892}.Debug|Any CPU.Build.0 = Debug|Any CPU
		{FA4A003A-6E07-4DE7-9AE9-62FDAAE5C892}.Debug|x64.ActiveCfg = Debug|Any CPU
		{FA4A003A-6E07-4DE7-9AE9-62FDAAE5C892}.Debug|x64.Build.0 = Debug|Any CPU
		{FA4A003A-6E07-4DE7-9AE9-62FDAAE5C892}.Debug|x86.ActiveCfg = Debug|Any CPU
		{FA4A003A-6E07-4DE7-9AE9-62FDAAE5C892}.Debug|x86.Build.0 = Debug|Any CPU
		{FA4A003A-6E07-4DE7-9AE9-62FDAAE5C892}.Release|Any CPU.ActiveCfg = Release|Any CPU
		{FA4A003A-6E07-4DE7-9AE9-62FDAAE5C892}.Release|Any CPU.Build.0 = Release|Any CPU
		{FA4A003A-6E07-4DE7-9AE9-62FDAAE5C892}.Release|x64.ActiveCfg = Release|Any CPU
		{FA4A003A-6E07-4DE7-9AE9-62FDAAE5C892}.Release|x64.Build.0 = Release|Any CPU
		{FA4A003A-6E07-4DE7-9AE9-62FDAAE5C892}.Release|x86.ActiveCfg = Release|Any CPU
		{FA4A003A-6E07-4DE7-9AE9-62FDAAE5C892}.Release|x86.Build.0 = Release|Any CPU
	EndGlobalSection
	GlobalSection(SolutionProperties) = preSolution
		HideSolutionNode = FALSE
	EndGlobalSection
	GlobalSection(NestedProjects) = preSolution
		{FA4A003A-6E07-4DE7-9AE9-62FDAAE5C892} = {06CFFD70-14AA-A959-A3BA-1B15D094E3B1}
	EndGlobalSection
EndGlobal
