
Microsoft Visual Studio Solution File, Format Version 12.00
# Visual Studio Version 17
VisualStudioVersion = 17.0.31903.59
MinimumVisualStudioVersion = 10.0.40219.1
Project("{2150E333-8FDC-42A3-9474-1A3956D46DE8}") = "Presentation", "Presentation", "{06CFFD70-14AA-A959-A3BA-1B15D094E3B1}"
EndProject
Project("{FAE04EC0-301F-11D3-BF4B-00C04F79EFBC}") = "ArturRios.IdentityManager.WebApi", "Presentation\ArturRios.IdentityManager.WebApi\ArturRios.IdentityManager.WebApi.csproj", "{FA4A003A-6E07-4DE7-9AE9-62FDAAE5C892}"
EndProject
Project("{FAE04EC0-301F-11D3-BF4B-00C04F79EFBC}") = "ArturRios.IdentityManager.Domain", "Domain\ArturRios.IdentityManager.Domain\ArturRios.IdentityManager.Domain.csproj", "{1AC24955-DB5A-4E5A-A99E-2FE6B2C4EC29}"
EndProject
Project("{2150E333-8FDC-42A3-9474-1A3956D46DE8}") = "Domain", "Domain", "{A057177B-BFE5-494F-9B91-DCDC9DF90D82}"
EndProject
Project("{2150E333-8FDC-42A3-9474-1A3956D46DE8}") = "Application", "Application", "{6E12D939-8E69-4682-BC94-4301B21A03FD}"
EndProject
Project("{FAE04EC0-301F-11D3-BF4B-00C04F79EFBC}") = "ArturRios.IdentityManager.Command", "Application\ArturRios.IdentityManager.Command\ArturRios.IdentityManager.Command.csproj", "{3C3ABD51-B152-47AA-B5CA-2138174B2D07}"
EndProject
Project("{2150E333-8FDC-42A3-9474-1A3956D46DE8}") = "Infrastructure", "Infrastructure", "{3075AB3D-8C87-4B46-9B24-919E1D16386D}"
EndProject
Project("{FAE04EC0-301F-11D3-BF4B-00C04F79EFBC}") = "ArturRios.IdentityManager.Data", "Infrastructure\ArturRios.IdentityManager.Data\ArturRios.IdentityManager.Data.csproj", "{6B8773E2-6017-4059-B9B6-93DA55C6DE70}"
EndProject
Project("{FAE04EC0-301F-11D3-BF4B-00C04F79EFBC}") = "ArturRios.IdentityManager.Shared", "Application\ArturRios.IdentityManager.Shared\ArturRios.IdentityManager.Shared.csproj", "{0CDC5A7C-A825-4D8A-930F-167E0DDAC3EA}"
EndProject
Project("{FAE04EC0-301F-11D3-BF4B-00C04F79EFBC}") = "ArturRios.IdentityManager.Query", "Application\ArturRios.IdentityManager.Query\ArturRios.IdentityManager.Query.csproj", "{DA217696-D100-452B-848B-006C2901FEA9}"
EndProject
Project("{FAE04EC0-301F-11D3-BF4B-00C04F79EFBC}") = "ArturRios.IdentityManager.Command.Tests", "..\tests\Application\ArturRios.IdentityManager.Command.Tests\ArturRios.IdentityManager.Command.Tests.csproj", "{E5719730-2B42-47A0-85FD-DACCFC5EAA32}"
EndProject
Project("{FAE04EC0-301F-11D3-BF4B-00C04F79EFBC}") = "ArturRios.IdentityManager.Query.Tests", "..\tests\Application\ArturRios.IdentityManager.Query.Tests\ArturRios.IdentityManager.Query.Tests.csproj", "{2C77B440-0F48-402E-880B-B13069E62EE6}"
EndProject
Project("{2150E333-8FDC-42A3-9474-1A3956D46DE8}") = "Tests", "Tests", "{A91E0CD0-EF88-47DA-A361-807A15D29F28}"
EndProject
Project("{2150E333-8FDC-42A3-9474-1A3956D46DE8}") = "Application", "Application", "{3E95EF1D-2CBA-4011-845D-67ACAB414FFF}"
EndProject
Project("{FAE04EC0-301F-11D3-BF4B-00C04F79EFBC}") = "ArturRios.IdentityManager.Domain.Tests", "..\tests\Domain\ArturRios.IdentityManager.Domain.Tests\ArturRios.IdentityManager.Domain.Tests.csproj", "{4B9587FB-C7A4-43A7-A5C7-593865678F80}"
EndProject
Project("{2150E333-8FDC-42A3-9474-1A3956D46DE8}") = "Domain", "Domain", "{97115A49-0383-4AC7-B874-29FA1202DEB7}"
EndProject
Project("{2150E333-8FDC-42A3-9474-1A3956D46DE8}") = "Presentation", "Presentation", "{F06374B2-2C74-48B5-8CF4-F2F88BEBC848}"
EndProject
Project("{FAE04EC0-301F-11D3-BF4B-00C04F79EFBC}") = "ArturRios.IdentityManager.WebApi.Tests", "..\tests\Presentation\ArturRios.IdentityManager.WebApi.Tests\ArturRios.IdentityManager.WebApi.Tests.csproj", "{3EAA0F90-2F5A-4CA1-9C90-55CADB8E3820}"
EndProject
Global
	GlobalSection(SolutionConfigurationPlatforms) = preSolution
		Debug|Any CPU = Debug|Any CPU
		Debug|x64 = Debug|x64
		Debug|x86 = Debug|x86
		Release|Any CPU = Release|Any CPU
		Release|x64 = Release|x64
		Release|x86 = Release|x86
	EndGlobalSection
	GlobalSection(ProjectConfigurationPlatforms) = postSolution
		{FA4A003A-6E07-4DE7-9AE9-62FDAAE5C892}.Debug|Any CPU.ActiveCfg = Debug|Any CPU
		{FA4A003A-6E07-4DE7-9AE9-62FDAAE5C892}.Debug|Any CPU.Build.0 = Debug|Any CPU
		{FA4A003A-6E07-4DE7-9AE9-62FDAAE5C892}.Debug|x64.ActiveCfg = Debug|Any CPU
		{FA4A003A-6E07-4DE7-9AE9-62FDAAE5C892}.Debug|x64.Build.0 = Debug|Any CPU
		{FA4A003A-6E07-4DE7-9AE9-62FDAAE5C892}.Debug|x86.ActiveCfg = Debug|Any CPU
		{FA4A003A-6E07-4DE7-9AE9-62FDAAE5C892}.Debug|x86.Build.0 = Debug|Any CPU
		{FA4A003A-6E07-4DE7-9AE9-62FDAAE5C892}.Release|Any CPU.ActiveCfg = Release|Any CPU
		{FA4A003A-6E07-4DE7-9AE9-62FDAAE5C892}.Release|Any CPU.Build.0 = Release|Any CPU
		{FA4A003A-6E07-4DE7-9AE9-62FDAAE5C892}.Release|x64.ActiveCfg = Release|Any CPU
		{FA4A003A-6E07-4DE7-9AE9-62FDAAE5C892}.Release|x64.Build.0 = Release|Any CPU
		{FA4A003A-6E07-4DE7-9AE9-62FDAAE5C892}.Release|x86.ActiveCfg = Release|Any CPU
		{FA4A003A-6E07-4DE7-9AE9-62FDAAE5C892}.Release|x86.Build.0 = Release|Any CPU
		{1AC24955-DB5A-4E5A-A99E-2FE6B2C4EC29}.Debug|Any CPU.ActiveCfg = Debug|Any CPU
		{1AC24955-DB5A-4E5A-A99E-2FE6B2C4EC29}.Debug|Any CPU.Build.0 = Debug|Any CPU
		{1AC24955-DB5A-4E5A-A99E-2FE6B2C4EC29}.Debug|x64.ActiveCfg = Debug|Any CPU
		{1AC24955-DB5A-4E5A-A99E-2FE6B2C4EC29}.Debug|x64.Build.0 = Debug|Any CPU
		{1AC24955-DB5A-4E5A-A99E-2FE6B2C4EC29}.Debug|x86.ActiveCfg = Debug|Any CPU
		{1AC24955-DB5A-4E5A-A99E-2FE6B2C4EC29}.Debug|x86.Build.0 = Debug|Any CPU
		{1AC24955-DB5A-4E5A-A99E-2FE6B2C4EC29}.Release|Any CPU.ActiveCfg = Release|Any CPU
		{1AC24955-DB5A-4E5A-A99E-2FE6B2C4EC29}.Release|Any CPU.Build.0 = Release|Any CPU
		{1AC24955-DB5A-4E5A-A99E-2FE6B2C4EC29}.Release|x64.ActiveCfg = Release|Any CPU
		{1AC24955-DB5A-4E5A-A99E-2FE6B2C4EC29}.Release|x64.Build.0 = Release|Any CPU
		{1AC24955-DB5A-4E5A-A99E-2FE6B2C4EC29}.Release|x86.ActiveCfg = Release|Any CPU
		{1AC24955-DB5A-4E5A-A99E-2FE6B2C4EC29}.Release|x86.Build.0 = Release|Any CPU
		{3C3ABD51-B152-47AA-B5CA-2138174B2D07}.Debug|Any CPU.ActiveCfg = Debug|Any CPU
		{3C3ABD51-B152-47AA-B5CA-2138174B2D07}.Debug|Any CPU.Build.0 = Debug|Any CPU
		{3C3ABD51-B152-47AA-B5CA-2138174B2D07}.Debug|x64.ActiveCfg = Debug|Any CPU
		{3C3ABD51-B152-47AA-B5CA-2138174B2D07}.Debug|x64.Build.0 = Debug|Any CPU
		{3C3ABD51-B152-47AA-B5CA-2138174B2D07}.Debug|x86.ActiveCfg = Debug|Any CPU
		{3C3ABD51-B152-47AA-B5CA-2138174B2D07}.Debug|x86.Build.0 = Debug|Any CPU
		{3C3ABD51-B152-47AA-B5CA-2138174B2D07}.Release|Any CPU.ActiveCfg = Release|Any CPU
		{3C3ABD51-B152-47AA-B5CA-2138174B2D07}.Release|Any CPU.Build.0 = Release|Any CPU
		{3C3ABD51-B152-47AA-B5CA-2138174B2D07}.Release|x64.ActiveCfg = Release|Any CPU
		{3C3ABD51-B152-47AA-B5CA-2138174B2D07}.Release|x64.Build.0 = Release|Any CPU
		{3C3ABD51-B152-47AA-B5CA-2138174B2D07}.Release|x86.ActiveCfg = Release|Any CPU
		{3C3ABD51-B152-47AA-B5CA-2138174B2D07}.Release|x86.Build.0 = Release|Any CPU
		{6B8773E2-6017-4059-B9B6-93DA55C6DE70}.Debug|Any CPU.ActiveCfg = Debug|Any CPU
		{6B8773E2-6017-4059-B9B6-93DA55C6DE70}.Debug|Any CPU.Build.0 = Debug|Any CPU
		{6B8773E2-6017-4059-B9B6-93DA55C6DE70}.Debug|x64.ActiveCfg = Debug|Any CPU
		{6B8773E2-6017-4059-B9B6-93DA55C6DE70}.Debug|x64.Build.0 = Debug|Any CPU
		{6B8773E2-6017-4059-B9B6-93DA55C6DE70}.Debug|x86.ActiveCfg = Debug|Any CPU
		{6B8773E2-6017-4059-B9B6-93DA55C6DE70}.Debug|x86.Build.0 = Debug|Any CPU
		{6B8773E2-6017-4059-B9B6-93DA55C6DE70}.Release|Any CPU.ActiveCfg = Release|Any CPU
		{6B8773E2-6017-4059-B9B6-93DA55C6DE70}.Release|Any CPU.Build.0 = Release|Any CPU
		{6B8773E2-6017-4059-B9B6-93DA55C6DE70}.Release|x64.ActiveCfg = Release|Any CPU
		{6B8773E2-6017-4059-B9B6-93DA55C6DE70}.Release|x64.Build.0 = Release|Any CPU
		{6B8773E2-6017-4059-B9B6-93DA55C6DE70}.Release|x86.ActiveCfg = Release|Any CPU
		{6B8773E2-6017-4059-B9B6-93DA55C6DE70}.Release|x86.Build.0 = Release|Any CPU
		{0CDC5A7C-A825-4D8A-930F-167E0DDAC3EA}.Debug|Any CPU.ActiveCfg = Debug|Any CPU
		{0CDC5A7C-A825-4D8A-930F-167E0DDAC3EA}.Debug|Any CPU.Build.0 = Debug|Any CPU
		{0CDC5A7C-A825-4D8A-930F-167E0DDAC3EA}.Debug|x64.ActiveCfg = Debug|Any CPU
		{0CDC5A7C-A825-4D8A-930F-167E0DDAC3EA}.Debug|x64.Build.0 = Debug|Any CPU
		{0CDC5A7C-A825-4D8A-930F-167E0DDAC3EA}.Debug|x86.ActiveCfg = Debug|Any CPU
		{0CDC5A7C-A825-4D8A-930F-167E0DDAC3EA}.Debug|x86.Build.0 = Debug|Any CPU
		{0CDC5A7C-A825-4D8A-930F-167E0DDAC3EA}.Release|Any CPU.ActiveCfg = Release|Any CPU
		{0CDC5A7C-A825-4D8A-930F-167E0DDAC3EA}.Release|Any CPU.Build.0 = Release|Any CPU
		{0CDC5A7C-A825-4D8A-930F-167E0DDAC3EA}.Release|x64.ActiveCfg = Release|Any CPU
		{0CDC5A7C-A825-4D8A-930F-167E0DDAC3EA}.Release|x64.Build.0 = Release|Any CPU
		{0CDC5A7C-A825-4D8A-930F-167E0DDAC3EA}.Release|x86.ActiveCfg = Release|Any CPU
		{0CDC5A7C-A825-4D8A-930F-167E0DDAC3EA}.Release|x86.Build.0 = Release|Any CPU
		{DA217696-D100-452B-848B-006C2901FEA9}.Debug|Any CPU.ActiveCfg = Debug|Any CPU
		{DA217696-D100-452B-848B-006C2901FEA9}.Debug|Any CPU.Build.0 = Debug|Any CPU
		{DA217696-D100-452B-848B-006C2901FEA9}.Debug|x64.ActiveCfg = Debug|Any CPU
		{DA217696-D100-452B-848B-006C2901FEA9}.Debug|x64.Build.0 = Debug|Any CPU
		{DA217696-D100-452B-848B-006C2901FEA9}.Debug|x86.ActiveCfg = Debug|Any CPU
		{DA217696-D100-452B-848B-006C2901FEA9}.Debug|x86.Build.0 = Debug|Any CPU
		{DA217696-D100-452B-848B-006C2901FEA9}.Release|Any CPU.ActiveCfg = Release|Any CPU
		{DA217696-D100-452B-848B-006C2901FEA9}.Release|Any CPU.Build.0 = Release|Any CPU
		{DA217696-D100-452B-848B-006C2901FEA9}.Release|x64.ActiveCfg = Release|Any CPU
		{DA217696-D100-452B-848B-006C2901FEA9}.Release|x64.Build.0 = Release|Any CPU
		{DA217696-D100-452B-848B-006C2901FEA9}.Release|x86.ActiveCfg = Release|Any CPU
		{DA217696-D100-452B-848B-006C2901FEA9}.Release|x86.Build.0 = Release|Any CPU
		{E5719730-2B42-47A0-85FD-DACCFC5EAA32}.Debug|Any CPU.ActiveCfg = Debug|Any CPU
		{E5719730-2B42-47A0-85FD-DACCFC5EAA32}.Debug|Any CPU.Build.0 = Debug|Any CPU
		{E5719730-2B42-47A0-85FD-DACCFC5EAA32}.Debug|x64.ActiveCfg = Debug|Any CPU
		{E5719730-2B42-47A0-85FD-DACCFC5EAA32}.Debug|x64.Build.0 = Debug|Any CPU
		{E5719730-2B42-47A0-85FD-DACCFC5EAA32}.Debug|x86.ActiveCfg = Debug|Any CPU
		{E5719730-2B42-47A0-85FD-DACCFC5EAA32}.Debug|x86.Build.0 = Debug|Any CPU
		{E5719730-2B42-47A0-85FD-DACCFC5EAA32}.Release|Any CPU.ActiveCfg = Release|Any CPU
		{E5719730-2B42-47A0-85FD-DACCFC5EAA32}.Release|Any CPU.Build.0 = Release|Any CPU
		{E5719730-2B42-47A0-85FD-DACCFC5EAA32}.Release|x64.ActiveCfg = Release|Any CPU
		{E5719730-2B42-47A0-85FD-DACCFC5EAA32}.Release|x64.Build.0 = Release|Any CPU
		{E5719730-2B42-47A0-85FD-DACCFC5EAA32}.Release|x86.ActiveCfg = Release|Any CPU
		{E5719730-2B42-47A0-85FD-DACCFC5EAA32}.Release|x86.Build.0 = Release|Any CPU
		{2C77B440-0F48-402E-880B-B13069E62EE6}.Debug|Any CPU.ActiveCfg = Debug|Any CPU
		{2C77B440-0F48-402E-880B-B13069E62EE6}.Debug|Any CPU.Build.0 = Debug|Any CPU
		{2C77B440-0F48-402E-880B-B13069E62EE6}.Debug|x64.ActiveCfg = Debug|Any CPU
		{2C77B440-0F48-402E-880B-B13069E62EE6}.Debug|x64.Build.0 = Debug|Any CPU
		{2C77B440-0F48-402E-880B-B13069E62EE6}.Debug|x86.ActiveCfg = Debug|Any CPU
		{2C77B440-0F48-402E-880B-B13069E62EE6}.Debug|x86.Build.0 = Debug|Any CPU
		{2C77B440-0F48-402E-880B-B13069E62EE6}.Release|Any CPU.ActiveCfg = Release|Any CPU
		{2C77B440-0F48-402E-880B-B13069E62EE6}.Release|Any CPU.Build.0 = Release|Any CPU
		{2C77B440-0F48-402E-880B-B13069E62EE6}.Release|x64.ActiveCfg = Release|Any CPU
		{2C77B440-0F48-402E-880B-B13069E62EE6}.Release|x64.Build.0 = Release|Any CPU
		{2C77B440-0F48-402E-880B-B13069E62EE6}.Release|x86.ActiveCfg = Release|Any CPU
		{2C77B440-0F48-402E-880B-B13069E62EE6}.Release|x86.Build.0 = Release|Any CPU
		{4B9587FB-C7A4-43A7-A5C7-593865678F80}.Debug|Any CPU.ActiveCfg = Debug|Any CPU
		{4B9587FB-C7A4-43A7-A5C7-593865678F80}.Debug|Any CPU.Build.0 = Debug|Any CPU
		{4B9587FB-C7A4-43A7-A5C7-593865678F80}.Debug|x64.ActiveCfg = Debug|Any CPU
		{4B9587FB-C7A4-43A7-A5C7-593865678F80}.Debug|x64.Build.0 = Debug|Any CPU
		{4B9587FB-C7A4-43A7-A5C7-593865678F80}.Debug|x86.ActiveCfg = Debug|Any CPU
		{4B9587FB-C7A4-43A7-A5C7-593865678F80}.Debug|x86.Build.0 = Debug|Any CPU
		{4B9587FB-C7A4-43A7-A5C7-593865678F80}.Release|Any CPU.ActiveCfg = Release|Any CPU
		{4B9587FB-C7A4-43A7-A5C7-593865678F80}.Release|Any CPU.Build.0 = Release|Any CPU
		{4B9587FB-C7A4-43A7-A5C7-593865678F80}.Release|x64.ActiveCfg = Release|Any CPU
		{4B9587FB-C7A4-43A7-A5C7-593865678F80}.Release|x64.Build.0 = Release|Any CPU
		{4B9587FB-C7A4-43A7-A5C7-593865678F80}.Release|x86.ActiveCfg = Release|Any CPU
		{4B9587FB-C7A4-43A7-A5C7-593865678F80}.Release|x86.Build.0 = Release|Any CPU
		{3EAA0F90-2F5A-4CA1-9C90-55CADB8E3820}.Debug|Any CPU.ActiveCfg = Debug|Any CPU
		{3EAA0F90-2F5A-4CA1-9C90-55CADB8E3820}.Debug|Any CPU.Build.0 = Debug|Any CPU
		{3EAA0F90-2F5A-4CA1-9C90-55CADB8E3820}.Debug|x64.ActiveCfg = Debug|Any CPU
		{3EAA0F90-2F5A-4CA1-9C90-55CADB8E3820}.Debug|x64.Build.0 = Debug|Any CPU
		{3EAA0F90-2F5A-4CA1-9C90-55CADB8E3820}.Debug|x86.ActiveCfg = Debug|Any CPU
		{3EAA0F90-2F5A-4CA1-9C90-55CADB8E3820}.Debug|x86.Build.0 = Debug|Any CPU
		{3EAA0F90-2F5A-4CA1-9C90-55CADB8E3820}.Release|Any CPU.ActiveCfg = Release|Any CPU
		{3EAA0F90-2F5A-4CA1-9C90-55CADB8E3820}.Release|Any CPU.Build.0 = Release|Any CPU
		{3EAA0F90-2F5A-4CA1-9C90-55CADB8E3820}.Release|x64.ActiveCfg = Release|Any CPU
		{3EAA0F90-2F5A-4CA1-9C90-55CADB8E3820}.Release|x64.Build.0 = Release|Any CPU
		{3EAA0F90-2F5A-4CA1-9C90-55CADB8E3820}.Release|x86.ActiveCfg = Release|Any CPU
		{3EAA0F90-2F5A-4CA1-9C90-55CADB8E3820}.Release|x86.Build.0 = Release|Any CPU
	EndGlobalSection
	GlobalSection(SolutionProperties) = preSolution
		HideSolutionNode = FALSE
	EndGlobalSection
	GlobalSection(NestedProjects) = preSolution
		{FA4A003A-6E07-4DE7-9AE9-62FDAAE5C892} = {06CFFD70-14AA-A959-A3BA-1B15D094E3B1}
		{1AC24955-DB5A-4E5A-A99E-2FE6B2C4EC29} = {A057177B-BFE5-494F-9B91-DCDC9DF90D82}
		{3C3ABD51-B152-47AA-B5CA-2138174B2D07} = {6E12D939-8E69-4682-BC94-4301B21A03FD}
		{6B8773E2-6017-4059-B9B6-93DA55C6DE70} = {3075AB3D-8C87-4B46-9B24-919E1D16386D}
		{0CDC5A7C-A825-4D8A-930F-167E0DDAC3EA} = {6E12D939-8E69-4682-BC94-4301B21A03FD}
		{DA217696-D100-452B-848B-006C2901FEA9} = {6E12D939-8E69-4682-BC94-4301B21A03FD}
		{3E95EF1D-2CBA-4011-845D-67ACAB414FFF} = {A91E0CD0-EF88-47DA-A361-807A15D29F28}
		{E5719730-2B42-47A0-85FD-DACCFC5EAA32} = {3E95EF1D-2CBA-4011-845D-67ACAB414FFF}
		{2C77B440-0F48-402E-880B-B13069E62EE6} = {3E95EF1D-2CBA-4011-845D-67ACAB414FFF}
		{97115A49-0383-4AC7-B874-29FA1202DEB7} = {A91E0CD0-EF88-47DA-A361-807A15D29F28}
		{4B9587FB-C7A4-43A7-A5C7-593865678F80} = {97115A49-0383-4AC7-B874-29FA1202DEB7}
		{F06374B2-2C74-48B5-8CF4-F2F88BEBC848} = {A91E0CD0-EF88-47DA-A361-807A15D29F28}
		{3EAA0F90-2F5A-4CA1-9C90-55CADB8E3820} = {F06374B2-2C74-48B5-8CF4-F2F88BEBC848}
	EndGlobalSection
EndGlobal
